
Microsoft Visual Studio Solution File, Format Version 12.00
# Visual Studio Version 17
VisualStudioVersion = 17.3.32811.315
MinimumVisualStudioVersion = 10.0.40219.1
Project("{9A19103F-16F7-4668-BE54-9A1E7A4F7556}") = "Business", "Business\Business.csproj", "{DA174846-2FC6-4176-9589-E1B8A14AEC16}"
EndProject
Project("{9A19103F-16F7-4668-BE54-9A1E7A4F7556}") = "DataAccess", "DataAccess\DataAccess.csproj", "{F8D71856-B486-4ABD-81CE-95028C619F2E}"
EndProject
Project("{9A19103F-16F7-4668-BE54-9A1E7A4F7556}") = "Entities", "Entities\Entities.csproj", "{059A79F9-63D4-422E-968B-B2BA7251108F}"
EndProject
Project("{9A19103F-16F7-4668-BE54-9A1E7A4F7556}") = "ConsoleUI", "ConsoleUI\ConsoleUI.csproj", "{0DE37139-FE6F-41AA-A722-766D5E3BCA9A}"
EndProject
Project("{9A19103F-16F7-4668-BE54-9A1E7A4F7556}") = "Core", "Core\Core.csproj", "{95E59C10-5F52-4183-B314-0382B7D68872}"
EndProject
Project("{FAE04EC0-301F-11D3-BF4B-00C04F79EFBC}") = "APIWeb", "APIWeb\APIWeb.csproj", "{88E1C416-6235-4381-A0B4-EDFA48CAD1E9}"
EndProject
Global
	GlobalSection(SolutionConfigurationPlatforms) = preSolution
		Debug|Any CPU = Debug|Any CPU
		Release|Any CPU = Release|Any CPU
	EndGlobalSection
	GlobalSection(ProjectConfigurationPlatforms) = postSolution
		{DA174846-2FC6-4176-9589-E1B8A14AEC16}.Debug|Any CPU.ActiveCfg = Debug|Any CPU
		{DA174846-2FC6-4176-9589-E1B8A14AEC16}.Debug|Any CPU.Build.0 = Debug|Any CPU
		{DA174846-2FC6-4176-9589-E1B8A14AEC16}.Release|Any CPU.ActiveCfg = Release|Any CPU
		{DA174846-2FC6-4176-9589-E1B8A14AEC16}.Release|Any CPU.Build.0 = Release|Any CPU
		{F8D71856-B486-4ABD-81CE-95028C619F2E}.Debug|Any CPU.ActiveCfg = Debug|Any CPU
		{F8D71856-B486-4ABD-81CE-95028C619F2E}.Debug|Any CPU.Build.0 = Debug|Any CPU
		{F8D71856-B486-4ABD-81CE-95028C619F2E}.Release|Any CPU.ActiveCfg = Release|Any CPU
		{F8D71856-B486-4ABD-81CE-95028C619F2E}.Release|Any CPU.Build.0 = Release|Any CPU
		{059A79F9-63D4-422E-968B-B2BA7251108F}.Debug|Any CPU.ActiveCfg = Debug|Any CPU
		{059A79F9-63D4-422E-968B-B2BA7251108F}.Debug|Any CPU.Build.0 = Debug|Any CPU
		{059A79F9-63D4-422E-968B-B2BA7251108F}.Release|Any CPU.ActiveCfg = Release|Any CPU
		{059A79F9-63D4-422E-968B-B2BA7251108F}.Release|Any CPU.Build.0 = Release|Any CPU
		{0DE37139-FE6F-41AA-A722-766D5E3BCA9A}.Debug|Any CPU.ActiveCfg = Debug|Any CPU
		{0DE37139-FE6F-41AA-A722-766D5E3BCA9A}.Debug|Any CPU.Build.0 = Debug|Any CPU
		{0DE37139-FE6F-41AA-A722-766D5E3BCA9A}.Release|Any CPU.ActiveCfg = Release|Any CPU
		{0DE37139-FE6F-41AA-A722-766D5E3BCA9A}.Release|Any CPU.Build.0 = Release|Any CPU
		{95E59C10-5F52-4183-B314-0382B7D68872}.Debug|Any CPU.ActiveCfg = Debug|Any CPU
		{95E59C10-5F52-4183-B314-0382B7D68872}.Debug|Any CPU.Build.0 = Debug|Any CPU
		{95E59C10-5F52-4183-B314-0382B7D68872}.Release|Any CPU.ActiveCfg = Release|Any CPU
		{95E59C10-5F52-4183-B314-0382B7D68872}.Release|Any CPU.Build.0 = Release|Any CPU
		{88E1C416-6235-4381-A0B4-EDFA48CAD1E9}.Debug|Any CPU.ActiveCfg = Debug|Any CPU
		{88E1C416-6235-4381-A0B4-EDFA48CAD1E9}.Debug|Any CPU.Build.0 = Debug|Any CPU
		{88E1C416-6235-4381-A0B4-EDFA48CAD1E9}.Release|Any CPU.ActiveCfg = Release|Any CPU
		{88E1C416-6235-4381-A0B4-EDFA48CAD1E9}.Release|Any CPU.Build.0 = Release|Any CPU
	EndGlobalSection
	GlobalSection(SolutionProperties) = preSolution
		HideSolutionNode = FALSE
	EndGlobalSection
	GlobalSection(ExtensibilityGlobals) = postSolution
		SolutionGuid = {61A38825-30EC-42B7-8794-644957623E84}
	EndGlobalSection
EndGlobal
